
Microsoft Visual Studio Solution File, Format Version 11.00
# Visual Studio 2010
Project("{2150E333-8FDC-42A3-9474-1A3956D46DE8}") = "Web", "Web", "{E90222EE-6E97-41A4-B609-B3957163CEC1}"
EndProject
Project("{2150E333-8FDC-42A3-9474-1A3956D46DE8}") = "Server", "Server", "{3612B049-CE74-4D2E-8C48-B3337614F720}"
EndProject
Project("{2150E333-8FDC-42A3-9474-1A3956D46DE8}") = "Client", "Client", "{A5C72417-B0AF-464B-A49A-E284EC12CE88}"
EndProject
Project("{2150E333-8FDC-42A3-9474-1A3956D46DE8}") = "Core", "Core", "{1CE186E3-E60C-40E8-859D-B426A1EE016B}"
EndProject
Project("{2150E333-8FDC-42A3-9474-1A3956D46DE8}") = "Core", "Core", "{6D751FA5-9C32-45D6-B692-897074BC25C0}"
EndProject
Project("{2150E333-8FDC-42A3-9474-1A3956D46DE8}") = "Module", "Module", "{36C7E598-3A76-4DB7-B07D-14E30A339145}"
EndProject
Project("{2150E333-8FDC-42A3-9474-1A3956D46DE8}") = "Service", "Service", "{C0694EF1-4392-4CEA-8171-F1E346952B8E}"
EndProject
Project("{2150E333-8FDC-42A3-9474-1A3956D46DE8}") = "UnitTest", "UnitTest", "{689B3ADB-64E0-4427-ACFE-17164BD3E707}"
EndProject
Project("{2150E333-8FDC-42A3-9474-1A3956D46DE8}") = "UnitTest", "UnitTest", "{FABE6C4C-E368-4D13-A552-F276BBC54788}"
EndProject
Project("{2150E333-8FDC-42A3-9474-1A3956D46DE8}") = "_Assemblies", "_Assemblies", "{E5471E85-7368-4319-8F23-0DF6AA5005CF}"
	ProjectSection(SolutionItems) = preProject
		_Assemblies\Blacklight.Controls.dll = _Assemblies\Blacklight.Controls.dll
	EndProjectSection
EndProject
Project("{2150E333-8FDC-42A3-9474-1A3956D46DE8}") = "CompositeApplicationLibrary", "CompositeApplicationLibrary", "{718AF254-301C-4989-83C2-19A28CAE08B4}"
	ProjectSection(SolutionItems) = preProject
		_Assemblies\CompositeApplicationLibrary\Microsoft.Practices.Composite.dll = _Assemblies\CompositeApplicationLibrary\Microsoft.Practices.Composite.dll
		_Assemblies\CompositeApplicationLibrary\Microsoft.Practices.Composite.Presentation.dll = _Assemblies\CompositeApplicationLibrary\Microsoft.Practices.Composite.Presentation.dll
		_Assemblies\CompositeApplicationLibrary\Microsoft.Practices.Composite.UnityExtensions.dll = _Assemblies\CompositeApplicationLibrary\Microsoft.Practices.Composite.UnityExtensions.dll
		_Assemblies\CompositeApplicationLibrary\Microsoft.Practices.ServiceLocation.dll = _Assemblies\CompositeApplicationLibrary\Microsoft.Practices.ServiceLocation.dll
		_Assemblies\CompositeApplicationLibrary\Microsoft.Practices.Unity.Silverlight.dll = _Assemblies\CompositeApplicationLibrary\Microsoft.Practices.Unity.Silverlight.dll
	EndProjectSection
EndProject
Project("{2150E333-8FDC-42A3-9474-1A3956D46DE8}") = "UnitTestFramework", "UnitTestFramework", "{C0134BE3-43E5-4A86-B207-645E184478D6}"
	ProjectSection(SolutionItems) = preProject
		_Assemblies\UnitTestFramework\Microsoft.Silverlight.Testing.dll = _Assemblies\UnitTestFramework\Microsoft.Silverlight.Testing.dll
		_Assemblies\UnitTestFramework\Microsoft.VisualStudio.QualityTools.UnitTesting.Silverlight.dll = _Assemblies\UnitTestFramework\Microsoft.VisualStudio.QualityTools.UnitTesting.Silverlight.dll
	EndProjectSection
EndProject
Project("{2150E333-8FDC-42A3-9474-1A3956D46DE8}") = "Enterprise Library", "Enterprise Library", "{84546ED6-1940-45B4-9E82-09F5CA772624}"
	ProjectSection(SolutionItems) = preProject
		_Assemblies\Enterprise Library\Microsoft.Practices.EnterpriseLibrary.Common.dll = _Assemblies\Enterprise Library\Microsoft.Practices.EnterpriseLibrary.Common.dll
		_Assemblies\Enterprise Library\Microsoft.Practices.EnterpriseLibrary.Configuration.Design.HostAdapter.dll = _Assemblies\Enterprise Library\Microsoft.Practices.EnterpriseLibrary.Configuration.Design.HostAdapter.dll
		_Assemblies\Enterprise Library\Microsoft.Practices.EnterpriseLibrary.Configuration.Design.HostAdapterV5.dll = _Assemblies\Enterprise Library\Microsoft.Practices.EnterpriseLibrary.Configuration.Design.HostAdapterV5.dll
		_Assemblies\Enterprise Library\Microsoft.Practices.EnterpriseLibrary.Configuration.DesignTime.dll = _Assemblies\Enterprise Library\Microsoft.Practices.EnterpriseLibrary.Configuration.DesignTime.dll
		_Assemblies\Enterprise Library\Microsoft.Practices.EnterpriseLibrary.Configuration.EnvironmentalOverrides.dll = _Assemblies\Enterprise Library\Microsoft.Practices.EnterpriseLibrary.Configuration.EnvironmentalOverrides.dll
		_Assemblies\Enterprise Library\Microsoft.Practices.EnterpriseLibrary.Data.dll = _Assemblies\Enterprise Library\Microsoft.Practices.EnterpriseLibrary.Data.dll
		_Assemblies\Enterprise Library\Microsoft.Practices.EnterpriseLibrary.ExceptionHandling.dll = _Assemblies\Enterprise Library\Microsoft.Practices.EnterpriseLibrary.ExceptionHandling.dll
		_Assemblies\Enterprise Library\Microsoft.Practices.EnterpriseLibrary.ExceptionHandling.Logging.dll = _Assemblies\Enterprise Library\Microsoft.Practices.EnterpriseLibrary.ExceptionHandling.Logging.dll
		_Assemblies\Enterprise Library\Microsoft.Practices.EnterpriseLibrary.ExceptionHandling.WCF.dll = _Assemblies\Enterprise Library\Microsoft.Practices.EnterpriseLibrary.ExceptionHandling.WCF.dll
		_Assemblies\Enterprise Library\Microsoft.Practices.EnterpriseLibrary.Logging.Database.dll = _Assemblies\Enterprise Library\Microsoft.Practices.EnterpriseLibrary.Logging.Database.dll
		_Assemblies\Enterprise Library\Microsoft.Practices.EnterpriseLibrary.Logging.dll = _Assemblies\Enterprise Library\Microsoft.Practices.EnterpriseLibrary.Logging.dll
		_Assemblies\Enterprise Library\Microsoft.Practices.ServiceLocation.dll = _Assemblies\Enterprise Library\Microsoft.Practices.ServiceLocation.dll
		_Assemblies\Enterprise Library\Microsoft.Practices.Unity.Configuration.dll = _Assemblies\Enterprise Library\Microsoft.Practices.Unity.Configuration.dll
		_Assemblies\Enterprise Library\Microsoft.Practices.Unity.dll = _Assemblies\Enterprise Library\Microsoft.Practices.Unity.dll
		_Assemblies\Enterprise Library\Microsoft.Practices.Unity.Interception.Configuration.dll = _Assemblies\Enterprise Library\Microsoft.Practices.Unity.Interception.Configuration.dll
		_Assemblies\Enterprise Library\Microsoft.Practices.Unity.Interception.dll = _Assemblies\Enterprise Library\Microsoft.Practices.Unity.Interception.dll
	EndProjectSection
EndProject
Project("{2150E333-8FDC-42A3-9474-1A3956D46DE8}") = "Templates VS2008", "Templates VS2008", "{16852989-A27C-42E0-9A8C-8712B3E1958F}"
	ProjectSection(SolutionItems) = preProject
		_Assemblies\Templates VS2008\PRISM.Module.zip = _Assemblies\Templates VS2008\PRISM.Module.zip
		_Assemblies\Templates VS2008\PRISM.ViewChildWindow.zip = _Assemblies\Templates VS2008\PRISM.ViewChildWindow.zip
		_Assemblies\Templates VS2008\PRISM.ViewPage.zip = _Assemblies\Templates VS2008\PRISM.ViewPage.zip
	EndProjectSection
EndProject
Project("{2150E333-8FDC-42A3-9474-1A3956D46DE8}") = "Microsoft Blend", "Microsoft Blend", "{B1075B1F-7F3B-438D-9254-21F9C941862B}"
	ProjectSection(SolutionItems) = preProject
		_Assemblies\Microsoft Blend\Microsoft.Expression.Interactions.dll = _Assemblies\Microsoft Blend\Microsoft.Expression.Interactions.dll
		_Assemblies\Microsoft Blend\System.Windows.Interactivity.dll = _Assemblies\Microsoft Blend\System.Windows.Interactivity.dll
	EndProjectSection
EndProject
Project("{2150E333-8FDC-42A3-9474-1A3956D46DE8}") = "ImageTools", "ImageTools", "{6F9D22D3-A73F-4CE7-9743-7624D1D165EB}"
	ProjectSection(SolutionItems) = preProject
		_Assemblies\ImageTools\ICSharpCode.SharpZipLib.Silverlight.dll = _Assemblies\ImageTools\ICSharpCode.SharpZipLib.Silverlight.dll
		_Assemblies\ImageTools\ImageTools.Controls.dll = _Assemblies\ImageTools\ImageTools.Controls.dll
		_Assemblies\ImageTools\ImageTools.dll = _Assemblies\ImageTools\ImageTools.dll
		_Assemblies\ImageTools\ImageTools.Filtering.dll = _Assemblies\ImageTools\ImageTools.Filtering.dll
		_Assemblies\ImageTools\ImageTools.IO.Gif.dll = _Assemblies\ImageTools\ImageTools.IO.Gif.dll
		_Assemblies\ImageTools\ImageTools.IO.Png.dll = _Assemblies\ImageTools\ImageTools.IO.Png.dll
		_Assemblies\ImageTools\ImageTools.Utils.dll = _Assemblies\ImageTools\ImageTools.Utils.dll
	EndProjectSection
EndProject
Project("{2150E333-8FDC-42A3-9474-1A3956D46DE8}") = "Silverlight Toolkit", "Silverlight Toolkit", "{2CA55E4F-CBC7-4172-823D-6E4642A4C7FD}"
	ProjectSection(SolutionItems) = preProject
		_Assemblies\Silverlight Toolkit\System.Windows.Controls.Data.DataForm.Toolkit.dll = _Assemblies\Silverlight Toolkit\System.Windows.Controls.Data.DataForm.Toolkit.dll
		_Assemblies\Silverlight Toolkit\System.Windows.Controls.Data.Toolkit.dll = _Assemblies\Silverlight Toolkit\System.Windows.Controls.Data.Toolkit.dll
		_Assemblies\Silverlight Toolkit\System.Windows.Controls.DataVisualization.Toolkit.dll = _Assemblies\Silverlight Toolkit\System.Windows.Controls.DataVisualization.Toolkit.dll
		_Assemblies\Silverlight Toolkit\System.Windows.Controls.Input.Toolkit.dll = _Assemblies\Silverlight Toolkit\System.Windows.Controls.Input.Toolkit.dll
		_Assemblies\Silverlight Toolkit\System.Windows.Controls.Layout.Toolkit.dll = _Assemblies\Silverlight Toolkit\System.Windows.Controls.Layout.Toolkit.dll
		_Assemblies\Silverlight Toolkit\System.Windows.Controls.Theming.Toolkit.dll = _Assemblies\Silverlight Toolkit\System.Windows.Controls.Theming.Toolkit.dll
		_Assemblies\Silverlight Toolkit\System.Windows.Controls.Toolkit.dll = _Assemblies\Silverlight Toolkit\System.Windows.Controls.Toolkit.dll
	EndProjectSection
EndProject
Project("{2150E333-8FDC-42A3-9474-1A3956D46DE8}") = "Snippets", "Snippets", "{D6D8D28C-A88B-4893-8B3B-CEC1B5A0F164}"
	ProjectSection(SolutionItems) = preProject
		_Assemblies\Snippets\evt.snippet = _Assemblies\Snippets\evt.snippet
		_Assemblies\Snippets\prop2.snippet = _Assemblies\Snippets\prop2.snippet
		_Assemblies\Snippets\propn.snippet = _Assemblies\Snippets\propn.snippet
		_Assemblies\Snippets\sldp.snippet = _Assemblies\Snippets\sldp.snippet
		_Assemblies\Snippets\sldpa.snippet = _Assemblies\Snippets\sldpa.snippet
		_Assemblies\Snippets\sldpc.snippet = _Assemblies\Snippets\sldpc.snippet
		_Assemblies\Snippets\slevent.snippet = _Assemblies\Snippets\slevent.snippet
		_Assemblies\Snippets\slpanel.snippet = _Assemblies\Snippets\slpanel.snippet
		_Assemblies\Snippets\slrss.snippet = _Assemblies\Snippets\slrss.snippet
		_Assemblies\Snippets\slsbc.snippet = _Assemblies\Snippets\slsbc.snippet
		_Assemblies\Snippets\slvc.snippet = _Assemblies\Snippets\slvc.snippet
	EndProjectSection
EndProject
Project("{2150E333-8FDC-42A3-9474-1A3956D46DE8}") = "Macros", "Macros", "{13AC3F24-A247-46CF-BF75-3AF7172B7C9C}"
	ProjectSection(SolutionItems) = preProject
		_Assemblies\Macros\AddCopyrightHeader.vb = _Assemblies\Macros\AddCopyrightHeader.vb
	EndProjectSection
EndProject
Project("{FAE04EC0-301F-11D3-BF4B-00C04F79EFBC}") = "Soat.HappyNet.WebSite", "Web\Soat.HappyNet.WebSite\Soat.HappyNet.WebSite.csproj", "{5254FFE8-0CE3-491C-8411-503DBA269692}"
EndProject
Project("{FAE04EC0-301F-11D3-BF4B-00C04F79EFBC}") = "Soat.HappyNet.Silverlight", "Client\Core\Soat.HappyNet.Silverlight\Soat.HappyNet.Silverlight.csproj", "{2C5C7FEC-E939-40A1-ACC7-C7640ACD6B65}"
EndProject
Project("{FAE04EC0-301F-11D3-BF4B-00C04F79EFBC}") = "Soat.HappyNet.Server.DataContract", "Server\Core\Soat.HappyNet.Server.DataContract\Soat.HappyNet.Server.DataContract.csproj", "{50E522ED-DEDD-4287-8A94-F6E1E5706B9B}"
EndProject
Project("{FAE04EC0-301F-11D3-BF4B-00C04F79EFBC}") = "Soat.HappyNet.Silverlight.DataContract", "Client\Core\Soat.HappyNet.Silverlight.DataContract\Soat.HappyNet.Silverlight.DataContract.csproj", "{C03D6301-2482-4F8E-AE0D-3DBDB84DA80D}"
EndProject
Project("{FAE04EC0-301F-11D3-BF4B-00C04F79EFBC}") = "Soat.HappyNet.Silverlight.Infrastructure", "Client\Core\Soat.HappyNet.Silverlight.Infrastructure\Soat.HappyNet.Silverlight.Infrastructure.csproj", "{0BD63398-4020-4AE1-883D-FB8F6A9D456F}"
EndProject
Project("{FAE04EC0-301F-11D3-BF4B-00C04F79EFBC}") = "Soat.HappyNet.Server.Common", "Server\Core\Soat.HappyNet.Server.Common\Soat.HappyNet.Server.Common.csproj", "{F6A7BE34-2B01-49C2-B7DD-9264C7F27F63}"
EndProject
Project("{FAE04EC0-301F-11D3-BF4B-00C04F79EFBC}") = "Soat.HappyNet.Silverlight.Modules.HumanResources", "Client\Module\Soat.HappyNet.Silverlight.Modules.HumanResources\Soat.HappyNet.Silverlight.Modules.HumanResources.csproj", "{D01686D6-8088-4D0A-8D88-A69247312102}"
	ProjectSection(ProjectDependencies) = postProject
		{5254FFE8-0CE3-491C-8411-503DBA269692} = {5254FFE8-0CE3-491C-8411-503DBA269692}
	EndProjectSection
EndProject
Project("{FAE04EC0-301F-11D3-BF4B-00C04F79EFBC}") = "Soat.HappyNet.Silverlight.Modules.Production", "Client\Module\Soat.HappyNet.Silverlight.Modules.Production\Soat.HappyNet.Silverlight.Modules.Production.csproj", "{9DFDFF7E-1DA0-4724-9D57-C6CAA8B83F64}"
	ProjectSection(ProjectDependencies) = postProject
		{5254FFE8-0CE3-491C-8411-503DBA269692} = {5254FFE8-0CE3-491C-8411-503DBA269692}
	EndProjectSection
EndProject
Project("{FAE04EC0-301F-11D3-BF4B-00C04F79EFBC}") = "Soat.HappyNet.Silverlight.Modules.Main", "Client\Module\Soat.HappyNet.Silverlight.Modules.Main\Soat.HappyNet.Silverlight.Modules.Main.csproj", "{600809FA-2A15-4D52-BF41-9A8865682081}"
	ProjectSection(ProjectDependencies) = postProject
		{5254FFE8-0CE3-491C-8411-503DBA269692} = {5254FFE8-0CE3-491C-8411-503DBA269692}
	EndProjectSection
EndProject
Project("{FAE04EC0-301F-11D3-BF4B-00C04F79EFBC}") = "Soat.HappyNet.Server.Services.HumanResources", "Server\Service\Soat.HappyNet.Server.Services.HumanResources\Soat.HappyNet.Server.Services.HumanResources.csproj", "{33CB592B-ACA2-4809-9EC6-B7C37576EA2C}"
EndProject
Project("{FAE04EC0-301F-11D3-BF4B-00C04F79EFBC}") = "Soat.HappyNet.Server.Services.SalesOrder", "Server\Service\Soat.HappyNet.Server.Services.SalesOrder\Soat.HappyNet.Server.Services.SalesOrder.csproj", "{CB69A6D4-88C6-47EE-9541-DE122B94DC37}"
EndProject
Project("{FAE04EC0-301F-11D3-BF4B-00C04F79EFBC}") = "Soat.HappyNet.Server.Services.Production", "Server\Service\Soat.HappyNet.Server.Services.Production\Soat.HappyNet.Server.Services.Production.csproj", "{67CECC81-C60E-4640-A086-AA78FC8AC54E}"
EndProject
Project("{FAE04EC0-301F-11D3-BF4B-00C04F79EFBC}") = "Soat.HappyNet.Silverlight.Tests.HumanResources", "Client\UnitTest\Soat.HappyNet.Silverlight.Tests.HumanResources\Soat.HappyNet.Silverlight.Tests.HumanResources.csproj", "{09A9CD42-D029-4CE0-88DD-CCA61FECA43E}"
EndProject
Project("{FAE04EC0-301F-11D3-BF4B-00C04F79EFBC}") = "Soat.HappyNet.Server.Tests.HumanResources", "Server\UnitTest\Soat.HappyNet.Server.Tests.HumanResources\Soat.HappyNet.Server.Tests.HumanResources.csproj", "{46E821BB-348B-41D5-9A1C-46EF8BBE5203}"
EndProject
Project("{FAE04EC0-301F-11D3-BF4B-00C04F79EFBC}") = "Soat.HappyNet.Server.Tests.SalesOrder", "Server\UnitTest\Soat.HappyNet.Server.Tests.SalesOrder\Soat.HappyNet.Server.Tests.SalesOrder.csproj", "{766BB021-A3AE-43D3-89B1-9820CCB5A458}"
EndProject
Project("{FAE04EC0-301F-11D3-BF4B-00C04F79EFBC}") = "Soat.HappyNet.Server.Tests.Purchasing", "Server\UnitTest\Soat.HappyNet.Server.Tests.Purchasing\Soat.HappyNet.Server.Tests.Purchasing.csproj", "{A9D836E8-FE24-4867-A0BD-DC18FD4A35E0}"
EndProject
Project("{FAE04EC0-301F-11D3-BF4B-00C04F79EFBC}") = "Soat.HappyNet.Server.Tests.Production", "Server\UnitTest\Soat.HappyNet.Server.Tests.Production\Soat.HappyNet.Server.Tests.Production.csproj", "{095A0B69-5FC5-4C8B-B87A-63524B44B605}"
EndProject
Project("{FAE04EC0-301F-11D3-BF4B-00C04F79EFBC}") = "Soat.HappyNet.Silverlight.Tests.SalesOrder", "Client\UnitTest\Soat.HappyNet.Silverlight.Tests.SalesOrder\Soat.HappyNet.Silverlight.Tests.SalesOrder.csproj", "{2965469A-368D-4AF8-A804-FDF6828E51DB}"
EndProject
Project("{FAE04EC0-301F-11D3-BF4B-00C04F79EFBC}") = "Soat.HappyNet.Silverlight.Modules.SalesOrder", "Client\Module\Soat.HappyNet.Silverlight.Modules.SalesOrder\Soat.HappyNet.Silverlight.Modules.SalesOrder.csproj", "{CC74028C-8159-477C-815D-417CBEB9275A}"
	ProjectSection(ProjectDependencies) = postProject
		{5254FFE8-0CE3-491C-8411-503DBA269692} = {5254FFE8-0CE3-491C-8411-503DBA269692}
	EndProjectSection
EndProject
Project("{FAE04EC0-301F-11D3-BF4B-00C04F79EFBC}") = "Soat.HappyNet.Silverlight.Tests.Main", "Client\UnitTest\Soat.HappyNet.Silverlight.Tests.Main\Soat.HappyNet.Silverlight.Tests.Main.csproj", "{B16A7CF8-738F-4DF7-908E-DB9381C90EAA}"
EndProject
Project("{FAE04EC0-301F-11D3-BF4B-00C04F79EFBC}") = "Soat.HappyNet.Silverlight.Library", "Client\Core\Soat.HappyNet.Silverlight.Library\Soat.HappyNet.Silverlight.Library.csproj", "{1F1FAB99-FD99-4AE5-AA23-DD38FE93BE1E}"
EndProject
Project("{FAE04EC0-301F-11D3-BF4B-00C04F79EFBC}") = "Soat.HappyNet.Server.Entities", "Server\Core\Soat.HappyNet.Server.Entities\Soat.HappyNet.Server.Entities.csproj", "{7D839289-1C4B-4CC9-A872-3E37053AE652}"
EndProject
Project("{FAE04EC0-301F-11D3-BF4B-00C04F79EFBC}") = "Soat.HappyNet.Server.Services.Logging", "Server\Service\Soat.HappyNet.Server.Services.Logging\Soat.HappyNet.Server.Services.Logging.csproj", "{14C17EFB-26FC-47B0-A06F-0676860C5699}"
EndProject
Project("{FAE04EC0-301F-11D3-BF4B-00C04F79EFBC}") = "Soat.HappyNet.Silverlight.Modules.Logging", "Client\Module\Soat.HappyNet.Silverlight.Modules.Logging\Soat.HappyNet.Silverlight.Modules.Logging.csproj", "{B5A11FA8-B261-4C41-B941-D2FA7ED6146C}"
	ProjectSection(ProjectDependencies) = postProject
		{5254FFE8-0CE3-491C-8411-503DBA269692} = {5254FFE8-0CE3-491C-8411-503DBA269692}
	EndProjectSection
EndProject
Project("{FAE04EC0-301F-11D3-BF4B-00C04F79EFBC}") = "Soat.HappyNet.Server.Services.Authentication", "Server\Service\Soat.HappyNet.Server.Services.Authentication\Soat.HappyNet.Server.Services.Authentication.csproj", "{D9FCD89D-90F3-44F0-8C39-667117A05F22}"
EndProject
Project("{FAE04EC0-301F-11D3-BF4B-00C04F79EFBC}") = "Soat.HappyNet.Server.Services.Orders", "Server\Service\Soat.HappyNet.Server.Services.Orders\Soat.HappyNet.Server.Services.Orders.csproj", "{E73C9051-6FCA-4F1D-A67B-3565CDE763CD}"
EndProject
Project("{FAE04EC0-301F-11D3-BF4B-00C04F79EFBC}") = "Soat.HappyNet.Silverlight.Modules.BackOffice", "Client\Module\Soat.HappyNet.Silverlight.Modules.BackOffice\Soat.HappyNet.Silverlight.Modules.BackOffice.csproj", "{15D5216F-702F-4ECA-8775-16675A78140A}"
	ProjectSection(ProjectDependencies) = postProject
		{5254FFE8-0CE3-491C-8411-503DBA269692} = {5254FFE8-0CE3-491C-8411-503DBA269692}
	EndProjectSection
EndProject
Project("{2150E333-8FDC-42A3-9474-1A3956D46DE8}") = "_Install", "_Install", "{5A589D04-5EF3-4608-8B45-7735650CEF4C}"
	ProjectSection(SolutionItems) = preProject
		_Install\AddUserDemo.sql = _Install\AddUserDemo.sql
		_Install\Install.txt = _Install\Install.txt
		_Install\Licence.txt = _Install\Licence.txt
		_Install\uspGetAllEmployees.sql = _Install\uspGetAllEmployees.sql
	EndProjectSection
EndProject
Project("{FAE04EC0-301F-11D3-BF4B-00C04F79EFBC}") = "Soat.HappyNet.Silverlight.Tests.Production", "Client\UnitTest\Soat.HappyNet.Silverlight.Tests.Production\Soat.HappyNet.Silverlight.Tests.Production.csproj", "{6713CBE7-3CCE-4CD2-9133-AB7726B39F2E}"
EndProject
Global
	GlobalSection(SolutionConfigurationPlatforms) = preSolution
		Debug|Any CPU = Debug|Any CPU
		Release|Any CPU = Release|Any CPU
		Test|Any CPU = Test|Any CPU
	EndGlobalSection
	GlobalSection(ProjectConfigurationPlatforms) = postSolution
		{5254FFE8-0CE3-491C-8411-503DBA269692}.Debug|Any CPU.ActiveCfg = Debug|Any CPU
		{5254FFE8-0CE3-491C-8411-503DBA269692}.Debug|Any CPU.Build.0 = Debug|Any CPU
		{5254FFE8-0CE3-491C-8411-503DBA269692}.Release|Any CPU.ActiveCfg = Release|Any CPU
		{5254FFE8-0CE3-491C-8411-503DBA269692}.Release|Any CPU.Build.0 = Release|Any CPU
		{5254FFE8-0CE3-491C-8411-503DBA269692}.Test|Any CPU.ActiveCfg = Release|Any CPU
		{2C5C7FEC-E939-40A1-ACC7-C7640ACD6B65}.Debug|Any CPU.ActiveCfg = Debug|Any CPU
		{2C5C7FEC-E939-40A1-ACC7-C7640ACD6B65}.Debug|Any CPU.Build.0 = Debug|Any CPU
		{2C5C7FEC-E939-40A1-ACC7-C7640ACD6B65}.Release|Any CPU.ActiveCfg = Release|Any CPU
		{2C5C7FEC-E939-40A1-ACC7-C7640ACD6B65}.Release|Any CPU.Build.0 = Release|Any CPU
		{2C5C7FEC-E939-40A1-ACC7-C7640ACD6B65}.Test|Any CPU.ActiveCfg = Test|Any CPU
		{2C5C7FEC-E939-40A1-ACC7-C7640ACD6B65}.Test|Any CPU.Build.0 = Test|Any CPU
		{50E522ED-DEDD-4287-8A94-F6E1E5706B9B}.Debug|Any CPU.ActiveCfg = Debug|Any CPU
		{50E522ED-DEDD-4287-8A94-F6E1E5706B9B}.Debug|Any CPU.Build.0 = Debug|Any CPU
		{50E522ED-DEDD-4287-8A94-F6E1E5706B9B}.Release|Any CPU.ActiveCfg = Release|Any CPU
		{50E522ED-DEDD-4287-8A94-F6E1E5706B9B}.Release|Any CPU.Build.0 = Release|Any CPU
		{50E522ED-DEDD-4287-8A94-F6E1E5706B9B}.Test|Any CPU.ActiveCfg = Test|Any CPU
		{50E522ED-DEDD-4287-8A94-F6E1E5706B9B}.Test|Any CPU.Build.0 = Test|Any CPU
		{C03D6301-2482-4F8E-AE0D-3DBDB84DA80D}.Debug|Any CPU.ActiveCfg = Debug|Any CPU
		{C03D6301-2482-4F8E-AE0D-3DBDB84DA80D}.Debug|Any CPU.Build.0 = Debug|Any CPU
		{C03D6301-2482-4F8E-AE0D-3DBDB84DA80D}.Release|Any CPU.ActiveCfg = Release|Any CPU
		{C03D6301-2482-4F8E-AE0D-3DBDB84DA80D}.Release|Any CPU.Build.0 = Release|Any CPU
		{C03D6301-2482-4F8E-AE0D-3DBDB84DA80D}.Test|Any CPU.ActiveCfg = Test|Any CPU
		{C03D6301-2482-4F8E-AE0D-3DBDB84DA80D}.Test|Any CPU.Build.0 = Test|Any CPU
		{0BD63398-4020-4AE1-883D-FB8F6A9D456F}.Debug|Any CPU.ActiveCfg = Debug|Any CPU
		{0BD63398-4020-4AE1-883D-FB8F6A9D456F}.Debug|Any CPU.Build.0 = Debug|Any CPU
		{0BD63398-4020-4AE1-883D-FB8F6A9D456F}.Release|Any CPU.ActiveCfg = Release|Any CPU
		{0BD63398-4020-4AE1-883D-FB8F6A9D456F}.Release|Any CPU.Build.0 = Release|Any CPU
		{0BD63398-4020-4AE1-883D-FB8F6A9D456F}.Test|Any CPU.ActiveCfg = Test|Any CPU
		{0BD63398-4020-4AE1-883D-FB8F6A9D456F}.Test|Any CPU.Build.0 = Test|Any CPU
		{F6A7BE34-2B01-49C2-B7DD-9264C7F27F63}.Debug|Any CPU.ActiveCfg = Debug|Any CPU
		{F6A7BE34-2B01-49C2-B7DD-9264C7F27F63}.Debug|Any CPU.Build.0 = Debug|Any CPU
		{F6A7BE34-2B01-49C2-B7DD-9264C7F27F63}.Release|Any CPU.ActiveCfg = Release|Any CPU
		{F6A7BE34-2B01-49C2-B7DD-9264C7F27F63}.Release|Any CPU.Build.0 = Release|Any CPU
		{F6A7BE34-2B01-49C2-B7DD-9264C7F27F63}.Test|Any CPU.ActiveCfg = Test|Any CPU
		{F6A7BE34-2B01-49C2-B7DD-9264C7F27F63}.Test|Any CPU.Build.0 = Test|Any CPU
		{D01686D6-8088-4D0A-8D88-A69247312102}.Debug|Any CPU.ActiveCfg = Debug|Any CPU
		{D01686D6-8088-4D0A-8D88-A69247312102}.Debug|Any CPU.Build.0 = Debug|Any CPU
		{D01686D6-8088-4D0A-8D88-A69247312102}.Release|Any CPU.ActiveCfg = Release|Any CPU
		{D01686D6-8088-4D0A-8D88-A69247312102}.Release|Any CPU.Build.0 = Release|Any CPU
		{D01686D6-8088-4D0A-8D88-A69247312102}.Test|Any CPU.ActiveCfg = Test|Any CPU
		{D01686D6-8088-4D0A-8D88-A69247312102}.Test|Any CPU.Build.0 = Test|Any CPU
		{9DFDFF7E-1DA0-4724-9D57-C6CAA8B83F64}.Debug|Any CPU.ActiveCfg = Debug|Any CPU
		{9DFDFF7E-1DA0-4724-9D57-C6CAA8B83F64}.Debug|Any CPU.Build.0 = Debug|Any CPU
		{9DFDFF7E-1DA0-4724-9D57-C6CAA8B83F64}.Release|Any CPU.ActiveCfg = Release|Any CPU
		{9DFDFF7E-1DA0-4724-9D57-C6CAA8B83F64}.Release|Any CPU.Build.0 = Release|Any CPU
		{9DFDFF7E-1DA0-4724-9D57-C6CAA8B83F64}.Test|Any CPU.ActiveCfg = Test|Any CPU
		{9DFDFF7E-1DA0-4724-9D57-C6CAA8B83F64}.Test|Any CPU.Build.0 = Test|Any CPU
		{600809FA-2A15-4D52-BF41-9A8865682081}.Debug|Any CPU.ActiveCfg = Debug|Any CPU
		{600809FA-2A15-4D52-BF41-9A8865682081}.Debug|Any CPU.Build.0 = Debug|Any CPU
		{600809FA-2A15-4D52-BF41-9A8865682081}.Release|Any CPU.ActiveCfg = Release|Any CPU
		{600809FA-2A15-4D52-BF41-9A8865682081}.Release|Any CPU.Build.0 = Release|Any CPU
		{600809FA-2A15-4D52-BF41-9A8865682081}.Test|Any CPU.ActiveCfg = Test|Any CPU
		{600809FA-2A15-4D52-BF41-9A8865682081}.Test|Any CPU.Build.0 = Test|Any CPU
		{33CB592B-ACA2-4809-9EC6-B7C37576EA2C}.Debug|Any CPU.ActiveCfg = Debug|Any CPU
		{33CB592B-ACA2-4809-9EC6-B7C37576EA2C}.Debug|Any CPU.Build.0 = Debug|Any CPU
		{33CB592B-ACA2-4809-9EC6-B7C37576EA2C}.Release|Any CPU.ActiveCfg = Release|Any CPU
		{33CB592B-ACA2-4809-9EC6-B7C37576EA2C}.Release|Any CPU.Build.0 = Release|Any CPU
		{33CB592B-ACA2-4809-9EC6-B7C37576EA2C}.Test|Any CPU.ActiveCfg = Test|Any CPU
		{33CB592B-ACA2-4809-9EC6-B7C37576EA2C}.Test|Any CPU.Build.0 = Test|Any CPU
		{CB69A6D4-88C6-47EE-9541-DE122B94DC37}.Debug|Any CPU.ActiveCfg = Debug|Any CPU
		{CB69A6D4-88C6-47EE-9541-DE122B94DC37}.Debug|Any CPU.Build.0 = Debug|Any CPU
		{CB69A6D4-88C6-47EE-9541-DE122B94DC37}.Release|Any CPU.ActiveCfg = Release|Any CPU
		{CB69A6D4-88C6-47EE-9541-DE122B94DC37}.Release|Any CPU.Build.0 = Release|Any CPU
		{CB69A6D4-88C6-47EE-9541-DE122B94DC37}.Test|Any CPU.ActiveCfg = Test|Any CPU
		{CB69A6D4-88C6-47EE-9541-DE122B94DC37}.Test|Any CPU.Build.0 = Test|Any CPU
		{67CECC81-C60E-4640-A086-AA78FC8AC54E}.Debug|Any CPU.ActiveCfg = Debug|Any CPU
		{67CECC81-C60E-4640-A086-AA78FC8AC54E}.Debug|Any CPU.Build.0 = Debug|Any CPU
		{67CECC81-C60E-4640-A086-AA78FC8AC54E}.Release|Any CPU.ActiveCfg = Release|Any CPU
		{67CECC81-C60E-4640-A086-AA78FC8AC54E}.Release|Any CPU.Build.0 = Release|Any CPU
		{67CECC81-C60E-4640-A086-AA78FC8AC54E}.Test|Any CPU.ActiveCfg = Test|Any CPU
		{67CECC81-C60E-4640-A086-AA78FC8AC54E}.Test|Any CPU.Build.0 = Test|Any CPU
		{09A9CD42-D029-4CE0-88DD-CCA61FECA43E}.Debug|Any CPU.ActiveCfg = Debug|Any CPU
		{09A9CD42-D029-4CE0-88DD-CCA61FECA43E}.Release|Any CPU.ActiveCfg = Release|Any CPU
		{09A9CD42-D029-4CE0-88DD-CCA61FECA43E}.Release|Any CPU.Build.0 = Release|Any CPU
		{09A9CD42-D029-4CE0-88DD-CCA61FECA43E}.Test|Any CPU.ActiveCfg = Test|Any CPU
		{09A9CD42-D029-4CE0-88DD-CCA61FECA43E}.Test|Any CPU.Build.0 = Test|Any CPU
		{46E821BB-348B-41D5-9A1C-46EF8BBE5203}.Debug|Any CPU.ActiveCfg = Debug|Any CPU
		{46E821BB-348B-41D5-9A1C-46EF8BBE5203}.Release|Any CPU.ActiveCfg = Release|Any CPU
		{46E821BB-348B-41D5-9A1C-46EF8BBE5203}.Release|Any CPU.Build.0 = Release|Any CPU
		{46E821BB-348B-41D5-9A1C-46EF8BBE5203}.Test|Any CPU.ActiveCfg = Test|Any CPU
		{46E821BB-348B-41D5-9A1C-46EF8BBE5203}.Test|Any CPU.Build.0 = Test|Any CPU
		{766BB021-A3AE-43D3-89B1-9820CCB5A458}.Debug|Any CPU.ActiveCfg = Debug|Any CPU
		{766BB021-A3AE-43D3-89B1-9820CCB5A458}.Release|Any CPU.ActiveCfg = Release|Any CPU
		{766BB021-A3AE-43D3-89B1-9820CCB5A458}.Release|Any CPU.Build.0 = Release|Any CPU
		{766BB021-A3AE-43D3-89B1-9820CCB5A458}.Test|Any CPU.ActiveCfg = Test|Any CPU
		{766BB021-A3AE-43D3-89B1-9820CCB5A458}.Test|Any CPU.Build.0 = Test|Any CPU
		{A9D836E8-FE24-4867-A0BD-DC18FD4A35E0}.Debug|Any CPU.ActiveCfg = Debug|Any CPU
		{A9D836E8-FE24-4867-A0BD-DC18FD4A35E0}.Release|Any CPU.ActiveCfg = Release|Any CPU
		{A9D836E8-FE24-4867-A0BD-DC18FD4A35E0}.Release|Any CPU.Build.0 = Release|Any CPU
		{A9D836E8-FE24-4867-A0BD-DC18FD4A35E0}.Test|Any CPU.ActiveCfg = Test|Any CPU
		{A9D836E8-FE24-4867-A0BD-DC18FD4A35E0}.Test|Any CPU.Build.0 = Test|Any CPU
		{095A0B69-5FC5-4C8B-B87A-63524B44B605}.Debug|Any CPU.ActiveCfg = Debug|Any CPU
		{095A0B69-5FC5-4C8B-B87A-63524B44B605}.Release|Any CPU.ActiveCfg = Release|Any CPU
		{095A0B69-5FC5-4C8B-B87A-63524B44B605}.Release|Any CPU.Build.0 = Release|Any CPU
		{095A0B69-5FC5-4C8B-B87A-63524B44B605}.Test|Any CPU.ActiveCfg = Test|Any CPU
		{095A0B69-5FC5-4C8B-B87A-63524B44B605}.Test|Any CPU.Build.0 = Test|Any CPU
		{2965469A-368D-4AF8-A804-FDF6828E51DB}.Debug|Any CPU.ActiveCfg = Debug|Any CPU
		{2965469A-368D-4AF8-A804-FDF6828E51DB}.Release|Any CPU.ActiveCfg = Release|Any CPU
		{2965469A-368D-4AF8-A804-FDF6828E51DB}.Release|Any CPU.Build.0 = Release|Any CPU
		{2965469A-368D-4AF8-A804-FDF6828E51DB}.Test|Any CPU.ActiveCfg = Test|Any CPU
		{2965469A-368D-4AF8-A804-FDF6828E51DB}.Test|Any CPU.Build.0 = Test|Any CPU
		{CC74028C-8159-477C-815D-417CBEB9275A}.Debug|Any CPU.ActiveCfg = Debug|Any CPU
		{CC74028C-8159-477C-815D-417CBEB9275A}.Debug|Any CPU.Build.0 = Debug|Any CPU
		{CC74028C-8159-477C-815D-417CBEB9275A}.Release|Any CPU.ActiveCfg = Release|Any CPU
		{CC74028C-8159-477C-815D-417CBEB9275A}.Release|Any CPU.Build.0 = Release|Any CPU
		{CC74028C-8159-477C-815D-417CBEB9275A}.Test|Any CPU.ActiveCfg = Test|Any CPU
		{CC74028C-8159-477C-815D-417CBEB9275A}.Test|Any CPU.Build.0 = Test|Any CPU
		{B16A7CF8-738F-4DF7-908E-DB9381C90EAA}.Debug|Any CPU.ActiveCfg = Debug|Any CPU
		{B16A7CF8-738F-4DF7-908E-DB9381C90EAA}.Release|Any CPU.ActiveCfg = Release|Any CPU
		{B16A7CF8-738F-4DF7-908E-DB9381C90EAA}.Release|Any CPU.Build.0 = Release|Any CPU
		{B16A7CF8-738F-4DF7-908E-DB9381C90EAA}.Test|Any CPU.ActiveCfg = Test|Any CPU
		{B16A7CF8-738F-4DF7-908E-DB9381C90EAA}.Test|Any CPU.Build.0 = Test|Any CPU
		{1F1FAB99-FD99-4AE5-AA23-DD38FE93BE1E}.Debug|Any CPU.ActiveCfg = Debug|Any CPU
		{1F1FAB99-FD99-4AE5-AA23-DD38FE93BE1E}.Debug|Any CPU.Build.0 = Debug|Any CPU
		{1F1FAB99-FD99-4AE5-AA23-DD38FE93BE1E}.Release|Any CPU.ActiveCfg = Release|Any CPU
		{1F1FAB99-FD99-4AE5-AA23-DD38FE93BE1E}.Release|Any CPU.Build.0 = Release|Any CPU
		{1F1FAB99-FD99-4AE5-AA23-DD38FE93BE1E}.Test|Any CPU.ActiveCfg = Test|Any CPU
		{1F1FAB99-FD99-4AE5-AA23-DD38FE93BE1E}.Test|Any CPU.Build.0 = Test|Any CPU
		{7D839289-1C4B-4CC9-A872-3E37053AE652}.Debug|Any CPU.ActiveCfg = Debug|Any CPU
		{7D839289-1C4B-4CC9-A872-3E37053AE652}.Debug|Any CPU.Build.0 = Debug|Any CPU
		{7D839289-1C4B-4CC9-A872-3E37053AE652}.Release|Any CPU.ActiveCfg = Release|Any CPU
		{7D839289-1C4B-4CC9-A872-3E37053AE652}.Release|Any CPU.Build.0 = Release|Any CPU
		{7D839289-1C4B-4CC9-A872-3E37053AE652}.Test|Any CPU.ActiveCfg = Test|Any CPU
		{7D839289-1C4B-4CC9-A872-3E37053AE652}.Test|Any CPU.Build.0 = Test|Any CPU
		{14C17EFB-26FC-47B0-A06F-0676860C5699}.Debug|Any CPU.ActiveCfg = Debug|Any CPU
		{14C17EFB-26FC-47B0-A06F-0676860C5699}.Debug|Any CPU.Build.0 = Debug|Any CPU
		{14C17EFB-26FC-47B0-A06F-0676860C5699}.Release|Any CPU.ActiveCfg = Release|Any CPU
		{14C17EFB-26FC-47B0-A06F-0676860C5699}.Release|Any CPU.Build.0 = Release|Any CPU
		{14C17EFB-26FC-47B0-A06F-0676860C5699}.Test|Any CPU.ActiveCfg = Test|Any CPU
		{14C17EFB-26FC-47B0-A06F-0676860C5699}.Test|Any CPU.Build.0 = Test|Any CPU
		{B5A11FA8-B261-4C41-B941-D2FA7ED6146C}.Debug|Any CPU.ActiveCfg = Debug|Any CPU
		{B5A11FA8-B261-4C41-B941-D2FA7ED6146C}.Debug|Any CPU.Build.0 = Debug|Any CPU
		{B5A11FA8-B261-4C41-B941-D2FA7ED6146C}.Release|Any CPU.ActiveCfg = Release|Any CPU
		{B5A11FA8-B261-4C41-B941-D2FA7ED6146C}.Release|Any CPU.Build.0 = Release|Any CPU
		{B5A11FA8-B261-4C41-B941-D2FA7ED6146C}.Test|Any CPU.ActiveCfg = Test|Any CPU
		{B5A11FA8-B261-4C41-B941-D2FA7ED6146C}.Test|Any CPU.Build.0 = Test|Any CPU
		{D9FCD89D-90F3-44F0-8C39-667117A05F22}.Debug|Any CPU.ActiveCfg = Debug|Any CPU
		{D9FCD89D-90F3-44F0-8C39-667117A05F22}.Debug|Any CPU.Build.0 = Debug|Any CPU
		{D9FCD89D-90F3-44F0-8C39-667117A05F22}.Release|Any CPU.ActiveCfg = Release|Any CPU
		{D9FCD89D-90F3-44F0-8C39-667117A05F22}.Release|Any CPU.Build.0 = Release|Any CPU
		{D9FCD89D-90F3-44F0-8C39-667117A05F22}.Test|Any CPU.ActiveCfg = Test|Any CPU
		{D9FCD89D-90F3-44F0-8C39-667117A05F22}.Test|Any CPU.Build.0 = Test|Any CPU
		{E73C9051-6FCA-4F1D-A67B-3565CDE763CD}.Debug|Any CPU.ActiveCfg = Debug|Any CPU
		{E73C9051-6FCA-4F1D-A67B-3565CDE763CD}.Debug|Any CPU.Build.0 = Debug|Any CPU
		{E73C9051-6FCA-4F1D-A67B-3565CDE763CD}.Release|Any CPU.ActiveCfg = Release|Any CPU
		{E73C9051-6FCA-4F1D-A67B-3565CDE763CD}.Release|Any CPU.Build.0 = Release|Any CPU
		{E73C9051-6FCA-4F1D-A67B-3565CDE763CD}.Test|Any CPU.ActiveCfg = Test|Any CPU
		{E73C9051-6FCA-4F1D-A67B-3565CDE763CD}.Test|Any CPU.Build.0 = Test|Any CPU
		{15D5216F-702F-4ECA-8775-16675A78140A}.Debug|Any CPU.ActiveCfg = Debug|Any CPU
		{15D5216F-702F-4ECA-8775-16675A78140A}.Debug|Any CPU.Build.0 = Debug|Any CPU
		{15D5216F-702F-4ECA-8775-16675A78140A}.Release|Any CPU.ActiveCfg = Release|Any CPU
		{15D5216F-702F-4ECA-8775-16675A78140A}.Release|Any CPU.Build.0 = Release|Any CPU
		{15D5216F-702F-4ECA-8775-16675A78140A}.Test|Any CPU.ActiveCfg = Test|Any CPU
		{15D5216F-702F-4ECA-8775-16675A78140A}.Test|Any CPU.Build.0 = Test|Any CPU
		{6713CBE7-3CCE-4CD2-9133-AB7726B39F2E}.Debug|Any CPU.ActiveCfg = Debug|Any CPU
		{6713CBE7-3CCE-4CD2-9133-AB7726B39F2E}.Debug|Any CPU.Build.0 = Debug|Any CPU
		{6713CBE7-3CCE-4CD2-9133-AB7726B39F2E}.Release|Any CPU.ActiveCfg = Release|Any CPU
		{6713CBE7-3CCE-4CD2-9133-AB7726B39F2E}.Release|Any CPU.Build.0 = Release|Any CPU
		{6713CBE7-3CCE-4CD2-9133-AB7726B39F2E}.Test|Any CPU.ActiveCfg = Release|Any CPU
		{6713CBE7-3CCE-4CD2-9133-AB7726B39F2E}.Test|Any CPU.Build.0 = Release|Any CPU
	EndGlobalSection
	GlobalSection(SolutionProperties) = preSolution
		HideSolutionNode = FALSE
	EndGlobalSection
	GlobalSection(NestedProjects) = preSolution
		{5254FFE8-0CE3-491C-8411-503DBA269692} = {E90222EE-6E97-41A4-B609-B3957163CEC1}
		{6D751FA5-9C32-45D6-B692-897074BC25C0} = {3612B049-CE74-4D2E-8C48-B3337614F720}
		{C0694EF1-4392-4CEA-8171-F1E346952B8E} = {3612B049-CE74-4D2E-8C48-B3337614F720}
		{689B3ADB-64E0-4427-ACFE-17164BD3E707} = {3612B049-CE74-4D2E-8C48-B3337614F720}
		{1CE186E3-E60C-40E8-859D-B426A1EE016B} = {A5C72417-B0AF-464B-A49A-E284EC12CE88}
		{36C7E598-3A76-4DB7-B07D-14E30A339145} = {A5C72417-B0AF-464B-A49A-E284EC12CE88}
		{FABE6C4C-E368-4D13-A552-F276BBC54788} = {A5C72417-B0AF-464B-A49A-E284EC12CE88}
		{2C5C7FEC-E939-40A1-ACC7-C7640ACD6B65} = {1CE186E3-E60C-40E8-859D-B426A1EE016B}
		{C03D6301-2482-4F8E-AE0D-3DBDB84DA80D} = {1CE186E3-E60C-40E8-859D-B426A1EE016B}
		{0BD63398-4020-4AE1-883D-FB8F6A9D456F} = {1CE186E3-E60C-40E8-859D-B426A1EE016B}
		{1F1FAB99-FD99-4AE5-AA23-DD38FE93BE1E} = {1CE186E3-E60C-40E8-859D-B426A1EE016B}
		{50E522ED-DEDD-4287-8A94-F6E1E5706B9B} = {6D751FA5-9C32-45D6-B692-897074BC25C0}
		{F6A7BE34-2B01-49C2-B7DD-9264C7F27F63} = {6D751FA5-9C32-45D6-B692-897074BC25C0}
		{7D839289-1C4B-4CC9-A872-3E37053AE652} = {6D751FA5-9C32-45D6-B692-897074BC25C0}
		{D01686D6-8088-4D0A-8D88-A69247312102} = {36C7E598-3A76-4DB7-B07D-14E30A339145}
		{9DFDFF7E-1DA0-4724-9D57-C6CAA8B83F64} = {36C7E598-3A76-4DB7-B07D-14E30A339145}
		{600809FA-2A15-4D52-BF41-9A8865682081} = {36C7E598-3A76-4DB7-B07D-14E30A339145}
		{CC74028C-8159-477C-815D-417CBEB9275A} = {36C7E598-3A76-4DB7-B07D-14E30A339145}
		{B5A11FA8-B261-4C41-B941-D2FA7ED6146C} = {36C7E598-3A76-4DB7-B07D-14E30A339145}
		{15D5216F-702F-4ECA-8775-16675A78140A} = {36C7E598-3A76-4DB7-B07D-14E30A339145}
		{33CB592B-ACA2-4809-9EC6-B7C37576EA2C} = {C0694EF1-4392-4CEA-8171-F1E346952B8E}
		{CB69A6D4-88C6-47EE-9541-DE122B94DC37} = {C0694EF1-4392-4CEA-8171-F1E346952B8E}
		{67CECC81-C60E-4640-A086-AA78FC8AC54E} = {C0694EF1-4392-4CEA-8171-F1E346952B8E}
		{14C17EFB-26FC-47B0-A06F-0676860C5699} = {C0694EF1-4392-4CEA-8171-F1E346952B8E}
		{D9FCD89D-90F3-44F0-8C39-667117A05F22} = {C0694EF1-4392-4CEA-8171-F1E346952B8E}
		{E73C9051-6FCA-4F1D-A67B-3565CDE763CD} = {C0694EF1-4392-4CEA-8171-F1E346952B8E}
		{46E821BB-348B-41D5-9A1C-46EF8BBE5203} = {689B3ADB-64E0-4427-ACFE-17164BD3E707}
		{766BB021-A3AE-43D3-89B1-9820CCB5A458} = {689B3ADB-64E0-4427-ACFE-17164BD3E707}
		{A9D836E8-FE24-4867-A0BD-DC18FD4A35E0} = {689B3ADB-64E0-4427-ACFE-17164BD3E707}
		{095A0B69-5FC5-4C8B-B87A-63524B44B605} = {689B3ADB-64E0-4427-ACFE-17164BD3E707}
		{09A9CD42-D029-4CE0-88DD-CCA61FECA43E} = {FABE6C4C-E368-4D13-A552-F276BBC54788}
		{2965469A-368D-4AF8-A804-FDF6828E51DB} = {FABE6C4C-E368-4D13-A552-F276BBC54788}
		{B16A7CF8-738F-4DF7-908E-DB9381C90EAA} = {FABE6C4C-E368-4D13-A552-F276BBC54788}
		{6713CBE7-3CCE-4CD2-9133-AB7726B39F2E} = {FABE6C4C-E368-4D13-A552-F276BBC54788}
		{718AF254-301C-4989-83C2-19A28CAE08B4} = {E5471E85-7368-4319-8F23-0DF6AA5005CF}
		{C0134BE3-43E5-4A86-B207-645E184478D6} = {E5471E85-7368-4319-8F23-0DF6AA5005CF}
		{84546ED6-1940-45B4-9E82-09F5CA772624} = {E5471E85-7368-4319-8F23-0DF6AA5005CF}
		{16852989-A27C-42E0-9A8C-8712B3E1958F} = {E5471E85-7368-4319-8F23-0DF6AA5005CF}
		{B1075B1F-7F3B-438D-9254-21F9C941862B} = {E5471E85-7368-4319-8F23-0DF6AA5005CF}
		{6F9D22D3-A73F-4CE7-9743-7624D1D165EB} = {E5471E85-7368-4319-8F23-0DF6AA5005CF}
		{2CA55E4F-CBC7-4172-823D-6E4642A4C7FD} = {E5471E85-7368-4319-8F23-0DF6AA5005CF}
		{D6D8D28C-A88B-4893-8B3B-CEC1B5A0F164} = {E5471E85-7368-4319-8F23-0DF6AA5005CF}
		{13AC3F24-A247-46CF-BF75-3AF7172B7C9C} = {E5471E85-7368-4319-8F23-0DF6AA5005CF}
	EndGlobalSection
EndGlobal
